[[package]]
name = "astroid"
version = "2.5.5"
description = "An abstract syntax tree for Python with inference support."
category = "dev"
optional = false
python-versions = "~=3.6"

[package.dependencies]
lazy-object-proxy = ">=1.4.0"
wrapt = ">=1.11,<1.13"

[[package]]
name = "autopep8"
version = "1.5.6"
description = "A tool that automatically formats Python code to conform to the PEP 8 style guide"
category = "dev"
optional = false
python-versions = "*"

[package.dependencies]
pycodestyle = ">=2.7.0"
toml = "*"

[[package]]
name = "colorama"
version = "0.4.4"
description = "Cross-platform colored terminal text."
category = "dev"
optional = false
python-versions = ">=2.7, !=3.0.*, !=3.1.*, !=3.2.*, !=3.3.*, !=3.4.*"

[[package]]
name = "cowsay"
version = "3.0"
description = "The famous cowsay for GNU/Linux is now available for python"
category = "main"
optional = false
python-versions = "*"

[[package]]
name = "invoke"
version = "1.5.0"
description = "Pythonic task execution"
category = "main"
optional = false
python-versions = "*"

[[package]]
name = "isort"
version = "5.8.0"
description = "A Python utility / library to sort Python imports."
category = "dev"
optional = false
python-versions = ">=3.6,<4.0"

[package.extras]
pipfile_deprecated_finder = ["pipreqs", "requirementslib"]
requirements_deprecated_finder = ["pipreqs", "pip-api"]
colors = ["colorama (>=0.4.3,<0.5.0)"]

[[package]]
name = "lazy-object-proxy"
version = "1.6.0"
description = "A fast and thorough lazy object proxy."
category = "dev"
optional = false
python-versions = ">=2.7, !=3.0.*, !=3.1.*, !=3.2.*, !=3.3.*, !=3.4.*, !=3.5.*"

[[package]]
name = "mccabe"
version = "0.6.1"
description = "McCabe checker, plugin for flake8"
category = "dev"
optional = false
python-versions = "*"

[[package]]
name = "pycodestyle"
version = "2.7.0"
description = "Python style guide checker"
category = "dev"
optional = false
python-versions = ">=2.7, !=3.0.*, !=3.1.*, !=3.2.*, !=3.3.*"

[[package]]
name = "pygame"
version = "2.0.1"
description = "Python Game Development"
category = "main"
optional = false
python-versions = "*"

[[package]]
name = "pylint"
version = "2.8.0"
description = "python code static checker"
category = "dev"
optional = false
python-versions = "~=3.6"

[package.dependencies]
astroid = ">=2.5.4,<2.7"
colorama = {version = "*", markers = "sys_platform == \"win32\""}
isort = ">=4.2.5,<6"
mccabe = ">=0.6,<0.7"
toml = ">=0.7.1"

[[package]]
name = "toml"
version = "0.10.2"
description = "Python Library for Tom's Obvious, Minimal Language"
category = "dev"
optional = false
python-versions = ">=2.6, !=3.0.*, !=3.1.*, !=3.2.*"

[[package]]
name = "wrapt"
version = "1.12.1"
description = "Module for decorators, wrappers and monkey patching."
category = "dev"
optional = false
python-versions = "*"

[metadata]
lock-version = "1.1"
python-versions = "^3.8"
content-hash = "3fbecf33749fa2d047f6fd9b542abf8b02d39c115d24124cdf408f912d60f490"

[metadata.files]
astroid = [
    {file = "astroid-2.5.5-py3-none-any.whl", hash = "sha256:b8823e7af8044b97b4b0c1bad06b980e4ce5519fee6d3d77ea5333a2b2d61d9a"},
    {file = "astroid-2.5.5.tar.gz", hash = "sha256:0f156ea0feec7fb78fd035d041a047b37f2aae9345d7f7960670bcd961182f77"},
]
autopep8 = [
    {file = "autopep8-1.5.6-py2.py3-none-any.whl", hash = "sha256:f01b06a6808bc31698db907761e5890eb2295e287af53f6693b39ce55454034a"},
    {file = "autopep8-1.5.6.tar.gz", hash = "sha256:5454e6e9a3d02aae38f866eec0d9a7de4ab9f93c10a273fb0340f3d6d09f7514"},
]
colorama = [
    {file = "colorama-0.4.4-py2.py3-none-any.whl", hash = "sha256:9f47eda37229f68eee03b24b9748937c7dc3868f906e8ba69fbcbdd3bc5dc3e2"},
    {file = "colorama-0.4.4.tar.gz", hash = "sha256:5941b2b48a20143d2267e95b1c2a7603ce057ee39fd88e7329b0c292aa16869b"},
]
cowsay = [
    {file = "cowsay-3.0-py2.py3-none-any.whl", hash = "sha256:d60b691f4a62823f329936bb4dce27f8af859d72a4de7b69da25fe68d86ac107"},
    {file = "cowsay-3.0.tar.gz", hash = "sha256:f165c6924bf786e15d41f90ce932170c65e49d6c58ad4802db001397ed971117"},
]
invoke = [
    {file = "invoke-1.5.0-py2-none-any.whl", hash = "sha256:da7c2d0be71be83ffd6337e078ef9643f41240024d6b2659e7b46e0b251e339f"},
    {file = "invoke-1.5.0-py3-none-any.whl", hash = "sha256:7e44d98a7dc00c91c79bac9e3007276965d2c96884b3c22077a9f04042bd6d90"},
    {file = "invoke-1.5.0.tar.gz", hash = "sha256:f0c560075b5fb29ba14dad44a7185514e94970d1b9d57dcd3723bec5fed92650"},
]
isort = [
    {file = "isort-5.8.0-py3-none-any.whl", hash = "sha256:2bb1680aad211e3c9944dbce1d4ba09a989f04e238296c87fe2139faa26d655d"},
    {file = "isort-5.8.0.tar.gz", hash = "sha256:0a943902919f65c5684ac4e0154b1ad4fac6dcaa5d9f3426b732f1c8b5419be6"},
]
lazy-object-proxy = [
    {file = "lazy-object-proxy-1.6.0.tar.gz", hash = "sha256:489000d368377571c6f982fba6497f2aa13c6d1facc40660963da62f5c379726"},
    {file = "lazy_object_proxy-1.6.0-cp27-cp27m-macosx_10_14_x86_64.whl", hash = "sha256:c6938967f8528b3668622a9ed3b31d145fab161a32f5891ea7b84f6b790be05b"},
    {file = "lazy_object_proxy-1.6.0-cp27-cp27m-win32.whl", hash = "sha256:ebfd274dcd5133e0afae738e6d9da4323c3eb021b3e13052d8cbd0e457b1256e"},
    {file = "lazy_object_proxy-1.6.0-cp27-cp27m-win_amd64.whl", hash = "sha256:ed361bb83436f117f9917d282a456f9e5009ea12fd6de8742d1a4752c3017e93"},
    {file = "lazy_object_proxy-1.6.0-cp27-cp27mu-manylinux1_x86_64.whl", hash = "sha256:d900d949b707778696fdf01036f58c9876a0d8bfe116e8d220cfd4b15f14e741"},
    {file = "lazy_object_proxy-1.6.0-cp36-cp36m-manylinux1_x86_64.whl", hash = "sha256:5743a5ab42ae40caa8421b320ebf3a998f89c85cdc8376d6b2e00bd12bd1b587"},
    {file = "lazy_object_proxy-1.6.0-cp36-cp36m-manylinux2014_aarch64.whl", hash = "sha256:bf34e368e8dd976423396555078def5cfc3039ebc6fc06d1ae2c5a65eebbcde4"},
    {file = "lazy_object_proxy-1.6.0-cp36-cp36m-win32.whl", hash = "sha256:b579f8acbf2bdd9ea200b1d5dea36abd93cabf56cf626ab9c744a432e15c815f"},
    {file = "lazy_object_proxy-1.6.0-cp36-cp36m-win_amd64.whl", hash = "sha256:4f60460e9f1eb632584c9685bccea152f4ac2130e299784dbaf9fae9f49891b3"},
    {file = "lazy_object_proxy-1.6.0-cp37-cp37m-manylinux1_x86_64.whl", hash = "sha256:d7124f52f3bd259f510651450e18e0fd081ed82f3c08541dffc7b94b883aa981"},
    {file = "lazy_object_proxy-1.6.0-cp37-cp37m-manylinux2014_aarch64.whl", hash = "sha256:22ddd618cefe54305df49e4c069fa65715be4ad0e78e8d252a33debf00f6ede2"},
    {file = "lazy_object_proxy-1.6.0-cp37-cp37m-win32.whl", hash = "sha256:9d397bf41caad3f489e10774667310d73cb9c4258e9aed94b9ec734b34b495fd"},
    {file = "lazy_object_proxy-1.6.0-cp37-cp37m-win_amd64.whl", hash = "sha256:24a5045889cc2729033b3e604d496c2b6f588c754f7a62027ad4437a7ecc4837"},
    {file = "lazy_object_proxy-1.6.0-cp38-cp38-manylinux1_x86_64.whl", hash = "sha256:17e0967ba374fc24141738c69736da90e94419338fd4c7c7bef01ee26b339653"},
    {file = "lazy_object_proxy-1.6.0-cp38-cp38-manylinux2014_aarch64.whl", hash = "sha256:410283732af311b51b837894fa2f24f2c0039aa7f220135192b38fcc42bd43d3"},
    {file = "lazy_object_proxy-1.6.0-cp38-cp38-win32.whl", hash = "sha256:85fb7608121fd5621cc4377a8961d0b32ccf84a7285b4f1d21988b2eae2868e8"},
    {file = "lazy_object_proxy-1.6.0-cp38-cp38-win_amd64.whl", hash = "sha256:d1c2676e3d840852a2de7c7d5d76407c772927addff8d742b9808fe0afccebdf"},
    {file = "lazy_object_proxy-1.6.0-cp39-cp39-macosx_10_14_x86_64.whl", hash = "sha256:b865b01a2e7f96db0c5d12cfea590f98d8c5ba64ad222300d93ce6ff9138bcad"},
    {file = "lazy_object_proxy-1.6.0-cp39-cp39-manylinux1_x86_64.whl", hash = "sha256:4732c765372bd78a2d6b2150a6e99d00a78ec963375f236979c0626b97ed8e43"},
    {file = "lazy_object_proxy-1.6.0-cp39-cp39-manylinux2014_aarch64.whl", hash = "sha256:9698110e36e2df951c7c36b6729e96429c9c32b3331989ef19976592c5f3c77a"},
    {file = "lazy_object_proxy-1.6.0-cp39-cp39-win32.whl", hash = "sha256:1fee665d2638491f4d6e55bd483e15ef21f6c8c2095f235fef72601021e64f61"},
    {file = "lazy_object_proxy-1.6.0-cp39-cp39-win_amd64.whl", hash = "sha256:f5144c75445ae3ca2057faac03fda5a902eff196702b0a24daf1d6ce0650514b"},
]
mccabe = [
    {file = "mccabe-0.6.1-py2.py3-none-any.whl", hash = "sha256:ab8a6258860da4b6677da4bd2fe5dc2c659cff31b3ee4f7f5d64e79735b80d42"},
    {file = "mccabe-0.6.1.tar.gz", hash = "sha256:dd8d182285a0fe56bace7f45b5e7d1a6ebcbf524e8f3bd87eb0f125271b8831f"},
]
pycodestyle = [
    {file = "pycodestyle-2.7.0-py2.py3-none-any.whl", hash = "sha256:514f76d918fcc0b55c6680472f0a37970994e07bbb80725808c17089be302068"},
    {file = "pycodestyle-2.7.0.tar.gz", hash = "sha256:c389c1d06bf7904078ca03399a4816f974a1d590090fecea0c63ec26ebaf1cef"},
]
pygame = [
    {file = "pygame-2.0.1-cp27-cp27m-macosx_10_9_intel.whl", hash = "sha256:49c2f58559c1fbf4ba258e4b141578ccb0e83da3d4f823894f6171a8f0d594ed"},
    {file = "pygame-2.0.1-cp27-cp27m-win32.whl", hash = "sha256:0571dde0277483f5060c8ee43cbfd8df5776b12505e3948eee241c8ce9b93371"},
    {file = "pygame-2.0.1-cp27-cp27m-win_amd64.whl", hash = "sha256:fd5ee0f42d59a290c049f91894e0739f62c2908e7edc028ffb847a105e68bfc3"},
    {file = "pygame-2.0.1-cp27-cp27mu-manylinux1_i686.whl", hash = "sha256:21475405bcdeb20b8a796a3da6704ebb816e06b29749dd64ff619e80816b7932"},
    {file = "pygame-2.0.1-cp27-cp27mu-manylinux1_x86_64.whl", hash = "sha256:ad230911d61f448c09886d3c92b2eae44ca7530babe9c48e74e02a0622ce2d34"},
    {file = "pygame-2.0.1-cp35-cp35m-macosx_10_9_intel.whl", hash = "sha256:9aead3f2eed90260136b201f398965900c5335c974bb7b47c381d98e39284018"},
    {file = "pygame-2.0.1-cp35-cp35m-manylinux1_i686.whl", hash = "sha256:5aeeb6659a7fe7760a78e449566553ae8c949ae29dd907a8eb4171fa0a274c16"},
    {file = "pygame-2.0.1-cp35-cp35m-manylinux1_x86_64.whl", hash = "sha256:3270cbcff40ca2b5622a145346298a33285c91b6d50097e0b85123d9a2bc7c9b"},
    {file = "pygame-2.0.1-cp35-cp35m-win32.whl", hash = "sha256:72625dc949c6d08ba7ce7c37a33163bb498d90ca0d7e626db3cfbf486df4db1d"},
    {file = "pygame-2.0.1-cp35-cp35m-win_amd64.whl", hash = "sha256:bf833c853a0568738ee5d88e1345c17bf3e8db626c36fb895327a35bb1827b0b"},
    {file = "pygame-2.0.1-cp36-cp36m-macosx_10_9_intel.whl", hash = "sha256:44f3ff8224d7cb998642400371c685005c8316b55e87794cbf1f6407b88ec424"},
    {file = "pygame-2.0.1-cp36-cp36m-manylinux1_i686.whl", hash = "sha256:eab18df58dcc8512f1b694f7218146828d7e3dd3f4e73bfd6942a11810293fd5"},
    {file = "pygame-2.0.1-cp36-cp36m-manylinux1_x86_64.whl", hash = "sha256:19357c826ab94f9ae5b4ec5cb752cc806cfc29ea32cf7bdaacb65fa2615607e8"},
    {file = "pygame-2.0.1-cp36-cp36m-win32.whl", hash = "sha256:328d70d40bc9a6defb9f330f5e7f3d0726af1e7c2308ebca582e69480db2950d"},
    {file = "pygame-2.0.1-cp36-cp36m-win_amd64.whl", hash = "sha256:81510ffb1c31a3827c6be047b1926d81caf36dc734564ca0e14903d6bce60c6f"},
    {file = "pygame-2.0.1-cp37-cp37m-macosx_10_9_intel.whl", hash = "sha256:ece424c83a575c2e0ba25815871458d3bbade46d76b7997236fb51a0251229ab"},
    {file = "pygame-2.0.1-cp37-cp37m-manylinux1_i686.whl", hash = "sha256:e72cdc97a49509ca2298350c2c3a0ac26bc8e943ce003a7d245df42e91439d5d"},
    {file = "pygame-2.0.1-cp37-cp37m-manylinux1_x86_64.whl", hash = "sha256:9fd0691c4fe58b932674bb6a91d2808790e8269c3183ef16052f13e1c602ac00"},
    {file = "pygame-2.0.1-cp37-cp37m-win32.whl", hash = "sha256:4f41252dfa1e8bb95f2ea51fba710827dde9820a535623d002a65621bafe7e3f"},
    {file = "pygame-2.0.1-cp37-cp37m-win_amd64.whl", hash = "sha256:3b31d088129977885f72037c55cfa1140e9bcf3468e68b46141f6cc2b33d456b"},
    {file = "pygame-2.0.1-cp38-cp38-macosx_10_9_intel.whl", hash = "sha256:30eb5c7adb0b3362024cec2c461be6978fbfc99c3bca974e438b1b540cd09438"},
    {file = "pygame-2.0.1-cp38-cp38-manylinux1_i686.whl", hash = "sha256:845385caf99f8d941607791c60e560d24b4a35c70eef0b01c30cfde0b913ff92"},
    {file = "pygame-2.0.1-cp38-cp38-manylinux1_x86_64.whl", hash = "sha256:3c2676b4fd278d632037eacd3b0524ce1a592c048e8e5eb5830475f83585cb3a"},
    {file = "pygame-2.0.1-cp38-cp38-win32.whl", hash = "sha256:4d3135a1f8c76c3fff1ef8b7a51e4c6523748e9bdbd7bca6daa69790ce0e798a"},
    {file = "pygame-2.0.1-cp38-cp38-win_amd64.whl", hash = "sha256:898874521a9be1f9dbc5b036a9755803287c2664e335afd3e10963f7f4ccb853"},
    {file = "pygame-2.0.1-cp39-cp39-macosx_10_9_intel.whl", hash = "sha256:ed80b40da839d60f4c03915bb3638e3c96ea8c30e689d0cc309b7597d82cc217"},
    {file = "pygame-2.0.1-cp39-cp39-manylinux1_i686.whl", hash = "sha256:fd6acd09d2a0fd3f616b18f977f399ed3dd95e2d6754f115837f026d19d62e10"},
    {file = "pygame-2.0.1-cp39-cp39-manylinux1_x86_64.whl", hash = "sha256:d8059084ce54b2c3d7b2c8bacd5f6490db849b2d2d6e7368c160b08504c87e73"},
    {file = "pygame-2.0.1-cp39-cp39-win32.whl", hash = "sha256:107d5f82f471baee4b9522a691cb320dd52dbf329ed7a0e9ab25f75cd3caf890"},
    {file = "pygame-2.0.1-cp39-cp39-win_amd64.whl", hash = "sha256:07ed57062be4bb9741f57dab1751d95574c091c9958ed7e39cdb246d50903283"},
    {file = "pygame-2.0.1-pp27-pypy_73-manylinux2010_i686.whl", hash = "sha256:5f057e5aa4c383fcf18560dcae2c5593e37e3fc941083a0a00a17f7cf25ee522"},
    {file = "pygame-2.0.1-pp27-pypy_73-manylinux2010_x86_64.whl", hash = "sha256:c188ce4bf1544f2758e8b651f4349a0f3dc441e09d8ab7c4863db1ae8f084a32"},
    {file = "pygame-2.0.1-pp27-pypy_73-win32.whl", hash = "sha256:7ea518d8eeb072c77c16977cdee3c59d9fffa750ed9c7c9c533ba520b6b08af7"},
    {file = "pygame-2.0.1-pp36-pypy36_pp73-macosx_10_9_intel.whl", hash = "sha256:10ca736eecedadf492ba1191f9fa3a5e6f30db2b9f8882b3ee7706d5a89c14e0"},
    {file = "pygame-2.0.1-pp36-pypy36_pp73-manylinux2010_i686.whl", hash = "sha256:5afc34f0af0cec09a20b6bb09090054fac5169ab01909e01b06e7e0752ab0153"},
    {file = "pygame-2.0.1-pp36-pypy36_pp73-manylinux2010_x86_64.whl", hash = "sha256:2d9b0a66034fed390ee367a549435853502c9d4fe82ac0fa3a520f0ad5648e6e"},
    {file = "pygame-2.0.1-pp36-pypy36_pp73-win32.whl", hash = "sha256:9de559462aaa68c40bb7625dcd587584b4eb85c4208528dc97b9ee7254945294"},
    {file = "pygame-2.0.1-pp37-pypy37_pp73-macosx_10_9_intel.whl", hash = "sha256:9f48277de1daa83fd58a722b2e3423201b5eb39842227f32702fb78e4bba5a71"},
    {file = "pygame-2.0.1-pp37-pypy37_pp73-manylinux2010_i686.whl", hash = "sha256:a4e35d89b6754941e82df1ce980a1c370943d3c076938d94ed1e48165dd6a11b"},
    {file = "pygame-2.0.1-pp37-pypy37_pp73-manylinux2010_x86_64.whl", hash = "sha256:b812285d23b5644c643a6ae30553a772f935f47f61826660b108b8727936384b"},
    {file = "pygame-2.0.1.tar.gz", hash = "sha256:8b1e7b63f47aafcdd8849933b206778747ef1802bd3d526aca45ed77141e4001"},
]
pylint = [
    {file = "pylint-2.8.0-py3-none-any.whl", hash = "sha256:a01cd675eccf6e25b3bdb42be184eb46aaf89187d612ba0fb5f93328ed6b0fd5"},
    {file = "pylint-2.8.0.tar.gz", hash = "sha256:082a6d461b54f90eea49ca90fff4ee8b6e45e8029e5dbd72f6107ef84f3779c0"},
]
toml = [
    {file = "toml-0.10.2-py2.py3-none-any.whl", hash = "sha256:806143ae5bfb6a3c6e736a764057db0e6a0e05e338b5630894a5f779cabb4f9b"},
    {file = "toml-0.10.2.tar.gz", hash = "sha256:b3bda1d108d5dd99f4a20d24d9c348e91c4db7ab1b749200bded2f839ccbe68f"},
]
wrapt = [
    {file = "wrapt-1.12.1.tar.gz", hash = "sha256:b62ffa81fb85f4332a4f609cab4ac40709470da05643a082ec1eb88e6d9b97d7"},
]
